
Microsoft Visual Studio Solution File, Format Version 12.00
# Visual Studio 15
VisualStudioVersion = 15.0.26430.13
MinimumVisualStudioVersion = 10.0.40219.1
Project("{FAE04EC0-301F-11D3-BF4B-00C04F79EFBC}") = "Espresso", "Espresso\Espresso.csproj", "{D097FC70-2E8A-4EF7-926F-E324615BFBDF}"
EndProject
Project("{FAE04EC0-301F-11D3-BF4B-00C04F79EFBC}") = "Updater", "Updater\Updater.csproj", "{1878161F-0126-4AB9-BEDE-224530C80784}"
EndProject
Project("{FAE04EC0-301F-11D3-BF4B-00C04F79EFBC}") = "Stock", "Stock\Stock.csproj", "{BC25251C-C878-497A-AC55-26AFB4133849}"
EndProject
Project("{FAE04EC0-301F-11D3-BF4B-00C04F79EFBC}") = "StockXing", "StockXing\StockXing.csproj", "{70104F90-91CE-463A-BB54-748110D540DB}"
EndProject
Global
	GlobalSection(SolutionConfigurationPlatforms) = preSolution
		Debug|Any CPU = Debug|Any CPU
		Release|Any CPU = Release|Any CPU
	EndGlobalSection
	GlobalSection(ProjectConfigurationPlatforms) = postSolution
		{D097FC70-2E8A-4EF7-926F-E324615BFBDF}.Debug|Any CPU.ActiveCfg = Debug|Any CPU
		{D097FC70-2E8A-4EF7-926F-E324615BFBDF}.Debug|Any CPU.Build.0 = Debug|Any CPU
		{D097FC70-2E8A-4EF7-926F-E324615BFBDF}.Release|Any CPU.ActiveCfg = Release|Any CPU
		{D097FC70-2E8A-4EF7-926F-E324615BFBDF}.Release|Any CPU.Build.0 = Release|Any CPU
		{1878161F-0126-4AB9-BEDE-224530C80784}.Debug|Any CPU.ActiveCfg = Debug|Any CPU
		{1878161F-0126-4AB9-BEDE-224530C80784}.Debug|Any CPU.Build.0 = Debug|Any CPU
		{1878161F-0126-4AB9-BEDE-224530C80784}.Release|Any CPU.ActiveCfg = Release|Any CPU
		{1878161F-0126-4AB9-BEDE-224530C80784}.Release|Any CPU.Build.0 = Release|Any CPU
		{BC25251C-C878-497A-AC55-26AFB4133849}.Debug|Any CPU.ActiveCfg = Debug|Any CPU
		{BC25251C-C878-497A-AC55-26AFB4133849}.Debug|Any CPU.Build.0 = Debug|Any CPU
		{BC25251C-C878-497A-AC55-26AFB4133849}.Release|Any CPU.ActiveCfg = Release|Any CPU
		{BC25251C-C878-497A-AC55-26AFB4133849}.Release|Any CPU.Build.0 = Release|Any CPU
		{70104F90-91CE-463A-BB54-748110D540DB}.Debug|Any CPU.ActiveCfg = Debug|Any CPU
		{70104F90-91CE-463A-BB54-748110D540DB}.Debug|Any CPU.Build.0 = Debug|Any CPU
		{70104F90-91CE-463A-BB54-748110D540DB}.Release|Any CPU.ActiveCfg = Release|Any CPU
		{70104F90-91CE-463A-BB54-748110D540DB}.Release|Any CPU.Build.0 = Release|Any CPU
	EndGlobalSection
	GlobalSection(SolutionProperties) = preSolution
		HideSolutionNode = FALSE
	EndGlobalSection
EndGlobal
